Microsoft Visual Studio Solution File, Format Version 12.00
# Visual Studio Version 17
VisualStudioVersion = 17.5.2.0
MinimumVisualStudioVersion = 10.0.40219.1
Project("{FAE04EC0-301F-11D3-BF4B-00C04F79EFBC}") = "OneWayFolderSyncer", "OneWayFolderSyncer.csproj", "{EB7C4E2D-72F8-F43A-1226-BB66B6A5D773}"
EndProject
Global
	GlobalSection(SolutionConfigurationPlatforms) = preSolution
		Debug|Any CPU = Debug|Any CPU
		Release|Any CPU = Release|Any CPU
	EndGlobalSection
	GlobalSection(ProjectConfigurationPlatforms) = postSolution
		{EB7C4E2D-72F8-F43A-1226-BB66B6A5D773}.Debug|Any CPU.ActiveCfg = Debug|Any CPU
		{EB7C4E2D-72F8-F43A-1226-BB66B6A5D773}.Debug|Any CPU.Build.0 = Debug|Any CPU
		{EB7C4E2D-72F8-F43A-1226-BB66B6A5D773}.Release|Any CPU.ActiveCfg = Release|Any CPU
		{EB7C4E2D-72F8-F43A-1226-BB66B6A5D773}.Release|Any CPU.Build.0 = Release|Any CPU
	EndGlobalSection
	GlobalSection(SolutionProperties) = preSolution
		HideSolutionNode = FALSE
	EndGlobalSection
	GlobalSection(ExtensibilityGlobals) = postSolution
		SolutionGuid = {36DFB88B-88BC-4A1E-945A-BE37E2915A32}
	EndGlobalSection
EndGlobal
